// !$*UTF8*$!
{
	archiveVersion = 1;
	classes = {
	};
	objectVersion = 46;
	objects = {

/* Begin PBXBuildFile section */
		181097A71EB9C0D600EBBCF2 /* main.m in Sources */ = {isa = PBXBuildFile; fileRef = 181097A61EB9C0D600EBBCF2 /* main.m */; };
		181097AA1EB9C0D600EBBCF2 /* AppDelegate.m in Sources */ = {isa = PBXBuildFile; fileRef = 181097A91EB9C0D600EBBCF2 /* AppDelegate.m */; };
		181097AD1EB9C0D600EBBCF2 /* ViewController.m in Sources */ = {isa = PBXBuildFile; fileRef = 181097AC1EB9C0D600EBBCF2 /* ViewController.m */; };
		181097B01EB9C0D600EBBCF2 /* Main.storyboard in Resources */ = {isa = PBXBuildFile; fileRef = 181097AE1EB9C0D600EBBCF2 /* Main.storyboard */; };
		181097B21EB9C0D600EBBCF2 /* Assets.xcassets in Resources */ = {isa = PBXBuildFile; fileRef = 181097B11EB9C0D600EBBCF2 /* Assets.xcassets */; };
		181097B51EB9C0D600EBBCF2 /* LaunchScreen.storyboard in Resources */ = {isa = PBXBuildFile; fileRef = 181097B31EB9C0D600EBBCF2 /* LaunchScreen.storyboard */; };
		181097C11EB9C65100EBBCF2 /* ListViewController.m in Sources */ = {isa = PBXBuildFile; fileRef = 181097C01EB9C65100EBBCF2 /* ListViewController.m */; };
		181097C31EB9C7BE00EBBCF2 /* 8230108.png in Resources */ = {isa = PBXBuildFile; fileRef = 181097C21EB9C7BE00EBBCF2 /* 8230108.png */; };
		18CD42481EBB0574002EEDB6 /* YHCutter.m in Sources */ = {isa = PBXBuildFile; fileRef = 18CD42471EBB0574002EEDB6 /* YHCutter.m */; };
/* End PBXBuildFile section */

/* Begin PBXFileReference section */
		181097A21EB9C0D600EBBCF2 /* YHCutter.app */ = {isa = PBXFileReference; explicitFileType = wrapper.application; includeInIndex = 0; path = YHCutter.app; sourceTree = BUILT_PRODUCTS_DIR; };
		181097A61EB9C0D600EBBCF2 /* main.m */ = {isa = PBXFileReference; lastKnownFileType = sourcecode.c.objc; path = main.m; sourceTree = "<group>"; };
		181097A81EB9C0D600EBBCF2 /* AppDelegate.h */ = {isa = PBXFileReference; lastKnownFileType = sourcecode.c.h; path = AppDelegate.h; sourceTree = "<group>"; };
		181097A91EB9C0D600EBBCF2 /* AppDelegate.m */ = {isa = PBXFileReference; lastKnownFileType = sourcecode.c.objc; path = AppDelegate.m; sourceTree = "<group>"; };
		181097AB1EB9C0D600EBBCF2 /* ViewController.h */ = {isa = PBXFileReference; lastKnownFileType = sourcecode.c.h; path = ViewController.h; sourceTree = "<group>"; };
		181097AC1EB9C0D600EBBCF2 /* ViewController.m */ = {isa = PBXFileReference; lastKnownFileType = sourcecode.c.objc; path = ViewController.m; sourceTree = "<group>"; };
		181097AF1EB9C0D600EBBCF2 /* Base */ = {isa = PBXFileReference; lastKnownFileType = file.storyboard; name = Base; path = Base.lproj/Main.storyboard; sourceTree = "<group>"; };
		181097B11EB9C0D600EBBCF2 /* Assets.xcassets */ = {isa = PBXFileReference; lastKnownFileType = folder.assetcatalog; path = Assets.xcassets; sourceTree = "<group>"; };
		181097B41EB9C0D600EBBCF2 /* Base */ = {isa = PBXFileReference; lastKnownFileType = file.storyboard; name = Base; path = Base.lproj/LaunchScreen.storyboard; sourceTree = "<group>"; };
		181097B61EB9C0D600EBBCF2 /* Info.plist */ = {isa = PBXFileReference; lastKnownFileType = text.plist.xml; path = Info.plist; sourceTree = "<group>"; };
		181097BF1EB9C65100EBBCF2 /* ListViewController.h */ = {isa = PBXFileReference; fileEncoding = 4; lastKnownFileType = sourcecode.c.h; path = ListViewController.h; sourceTree = "<group>"; };
		181097C01EB9C65100EBBCF2 /* ListViewController.m */ = {isa = PBXFileReference; fileEncoding = 4; lastKnownFileType = sourcecode.c.objc; path = ListViewController.m; sourceTree = "<group>"; };
		181097C21EB9C7BE00EBBCF2 /* 8230108.png */ = {isa = PBXFileReference; lastKnownFileType = image.png; path = 8230108.png; sourceTree = "<group>"; };
		18CD42461EBB0574002EEDB6 /* YHCutter.h */ = {isa = PBXFileReference; fileEncoding = 4; lastKnownFileType = sourcecode.c.h; path = YHCutter.h; sourceTree = "<group>"; };
		18CD42471EBB0574002EEDB6 /* YHCutter.m */ = {isa = PBXFileReference; fileEncoding = 4; lastKnownFileType = sourcecode.c.objc; path = YHCutter.m; sourceTree = "<group>"; };
/* End PBXFileReference section */

/* Begin PBXFrameworksBuildPhase section */
		1810979F1EB9C0D600EBBCF2 /* Frameworks */ = {
			isa = PBXFrameworksBuildPhase;
			buildActionMask = 2147483647;
			files = (
			);
			runOnlyForDeploymentPostprocessing = 0;
		};
/* End PBXFrameworksBuildPhase section */

/* Begin PBXGroup section */
		181097991EB9C0D600EBBCF2 = {
			isa = PBXGroup;
			children = (
				181097A41EB9C0D600EBBCF2 /* YHCutter */,
				181097A31EB9C0D600EBBCF2 /* Products */,
			);
			sourceTree = "<group>";
		};
		181097A31EB9C0D600EBBCF2 /* Products */ = {
			isa = PBXGroup;
			children = (
				181097A21EB9C0D600EBBCF2 /* YHCutter.app */,
			);
			name = Products;
			sourceTree = "<group>";
		};
		181097A41EB9C0D600EBBCF2 /* YHCutter */ = {
			isa = PBXGroup;
			children = (
				181097A81EB9C0D600EBBCF2 /* AppDelegate.h */,
				181097A91EB9C0D600EBBCF2 /* AppDelegate.m */,
				181097AB1EB9C0D600EBBCF2 /* ViewController.h */,
				181097AC1EB9C0D600EBBCF2 /* ViewController.m */,
				181097BF1EB9C65100EBBCF2 /* ListViewController.h */,
				181097C01EB9C65100EBBCF2 /* ListViewController.m */,
				18CD42451EBB0574002EEDB6 /* Cutter */,
				181097AE1EB9C0D600EBBCF2 /* Main.storyboard */,
				181097C21EB9C7BE00EBBCF2 /* 8230108.png */,
				181097B11EB9C0D600EBBCF2 /* Assets.xcassets */,
				181097B31EB9C0D600EBBCF2 /* LaunchScreen.storyboard */,
				181097B61EB9C0D600EBBCF2 /* Info.plist */,
				181097A51EB9C0D600EBBCF2 /* Supporting Files */,
			);
			path = YHCutter;
			sourceTree = "<group>";
		};
		181097A51EB9C0D600EBBCF2 /* Supporting Files */ = {
			isa = PBXGroup;
			children = (
				181097A61EB9C0D600EBBCF2 /* main.m */,
			);
			name = "Supporting Files";
			sourceTree = "<group>";
		};
		18CD42451EBB0574002EEDB6 /* Cutter */ = {
			isa = PBXGroup;
			children = (
				18CD42461EBB0574002EEDB6 /* YHCutter.h */,
				18CD42471EBB0574002EEDB6 /* YHCutter.m */,
			);
			path = Cutter;
			sourceTree = "<group>";
		};
/* End PBXGroup section */

/* Begin PBXNativeTarget section */
		181097A11EB9C0D600EBBCF2 /* YHCutter */ = {
			isa = PBXNativeTarget;
			buildConfigurationList = 181097B91EB9C0D600EBBCF2 /* Build configuration list for PBXNativeTarget "YHCutter" */;
			buildPhases = (
				1810979E1EB9C0D600EBBCF2 /* Sources */,
				1810979F1EB9C0D600EBBCF2 /* Frameworks */,
				181097A01EB9C0D600EBBCF2 /* Resources */,
			);
			buildRules = (
			);
			dependencies = (
			);
			name = YHCutter;
			productName = YHCutter;
			productReference = 181097A21EB9C0D600EBBCF2 /* YHCutter.app */;
			productType = "com.apple.product-type.application";
		};
/* End PBXNativeTarget section */

/* Begin PBXProject section */
		1810979A1EB9C0D600EBBCF2 /* Project object */ = {
			isa = PBXProject;
			attributes = {
				LastUpgradeCheck = 0830;
				ORGANIZATIONNAME = "于欢";
				TargetAttributes = {
					181097A11EB9C0D600EBBCF2 = {
						CreatedOnToolsVersion = 8.3;
						ProvisioningStyle = Automatic;
					};
				};
			};
			buildConfigurationList = 1810979D1EB9C0D600EBBCF2 /* Build configuration list for PBXProject "YHCutter" */;
			compatibilityVersion = "Xcode 3.2";
			developmentRegion = English;
			hasScannedForEncodings = 0;
			knownRegions = (
				en,
				Base,
			);
			mainGroup = 181097991EB9C0D600EBBCF2;
			productRefGroup = 181097A31EB9C0D600EBBCF2 /* Products */;
			projectDirPath = "";
			projectRoot = "";
			targets = (
				181097A11EB9C0D600EBBCF2 /* YHCutter */,
			);
		};
/* End PBXProject section */

/* Begin PBXResourcesBuildPhase section */
		181097A01EB9C0D600EBBCF2 /* Resources */ = {
			isa = PBXResourcesBuildPhase;
			buildActionMask = 2147483647;
			files = (
				181097C31EB9C7BE00EBBCF2 /* 8230108.png in Resources */,
				181097B51EB9C0D600EBBCF2 /* LaunchScreen.storyboard in Resources */,
				181097B21EB9C0D600EBBCF2 /* Assets.xcassets in Resources */,
				181097B01EB9C0D600EBBCF2 /* Main.storyboard in Resources */,
			);
			runOnlyForDeploymentPostprocessing = 0;
		};
/* End PBXResourcesBuildPhase section */

/* Begin PBXSourcesBuildPhase section */
		1810979E1EB9C0D600EBBCF2 /* Sources */ = {
			isa = PBXSourcesBuildPhase;
			buildActionMask = 2147483647;
			files = (
				181097C11EB9C65100EBBCF2 /* ListViewController.m in Sources */,
				181097AD1EB9C0D600EBBCF2 /* ViewController.m in Sources */,
				181097AA1EB9C0D600EBBCF2 /* AppDelegate.m in Sources */,
				18CD42481EBB0574002EEDB6 /* YHCutter.m in Sources */,
				181097A71EB9C0D600EBBCF2 /* main.m in Sources */,
			);
			runOnlyForDeploymentPostprocessing = 0;
		};
/* End PBXSourcesBuildPhase section */

/* Begin PBXVariantGroup section */
		181097AE1EB9C0D600EBBCF2 /* Main.storyboard */ = {
			isa = PBXVariantGroup;
			children = (
				181097AF1EB9C0D600EBBCF2 /* Base */,
			);
			name = Main.storyboard;
			sourceTree = "<group>";
		};
		181097B31EB9C0D600EBBCF2 /* LaunchScreen.storyboard */ = {
			isa = PBXVariantGroup;
			children = (
				181097B41EB9C0D600EBBCF2 /* Base */,
			);
			name = LaunchScreen.storyboard;
			sourceTree = "<group>";
		};
/* End PBXVariantGroup section */

/* Begin XCBuildConfiguration section */
		181097B71EB9C0D600EBBCF2 /* Debug */ = {
			isa = XCBuildConfiguration;
			buildSettings = {
				ALWAYS_SEARCH_USER_PATHS = NO;
				CLANG_ANALYZER_NONNULL = YES;
				CLANG_ANALYZER_NUMBER_OBJECT_CONVERSION = YES_AGGRESSIVE;
				CLANG_CXX_LANGUAGE_STANDARD = "gnu++0x";
				CLANG_CXX_LIBRARY = "libc++";
				CLANG_ENABLE_MODULES = YES;
				CLANG_ENABLE_OBJC_ARC = YES;
				CLANG_WARN_BOOL_CONVERSION = YES;
				CLANG_WARN_CONSTANT_CONVERSION = YES;
				CLANG_WARN_DIRECT_OBJC_ISA_USAGE = YES_ERROR;
				CLANG_WARN_DOCUMENTATION_COMMENTS = YES;
				CLANG_WARN_EMPTY_BODY = YES;
				CLANG_WARN_ENUM_CONVERSION = YES;
				CLANG_WARN_INFINITE_RECURSION = YES;
				CLANG_WARN_INT_CONVERSION = YES;
				CLANG_WARN_OBJC_ROOT_CLASS = YES_ERROR;
				CLANG_WARN_SUSPICIOUS_MOVE = YES;
				CLANG_WARN_UNREACHABLE_CODE = YES;
				CLANG_WARN__DUPLICATE_METHOD_MATCH = YES;
				"CODE_SIGN_IDENTITY[sdk=iphoneos*]" = "iPhone Developer";
				COPY_PHASE_STRIP = NO;
				DEBUG_INFORMATION_FORMAT = dwarf;
				ENABLE_STRICT_OBJC_MSGSEND = YES;
				ENABLE_TESTABILITY = YES;
				GCC_C_LANGUAGE_STANDARD = gnu99;
				GCC_DYNAMIC_NO_PIC = NO;
				GCC_NO_COMMON_BLOCKS = YES;
				GCC_OPTIMIZATION_LEVEL = 0;
				GCC_PREPROCESSOR_DEFINITIONS = (
					"DEBUG=1",
					"$(inherited)",
				);
				GCC_WARN_64_TO_32_BIT_CONVERSION = YES;
				GCC_WARN_ABOUT_RETURN_TYPE = YES_ERROR;
				GCC_WARN_UNDECLARED_SELECTOR = YES;
				GCC_WARN_UNINITIALIZED_AUTOS = YES_AGGRESSIVE;
				GCC_WARN_UNUSED_FUNCTION = YES;
				GCC_WARN_UNUSED_VARIABLE = YES;
				IPHONEOS_DEPLOYMENT_TARGET = 10.3;
				MTL_ENABLE_DEBUG_INFO = YES;
				ONLY_ACTIVE_ARCH = YES;
				SDKROOT = iphoneos;
				TARGETED_DEVICE_FAMILY = "1,2";
			};
			name = Debug;
		};
		181097B81EB9C0D600EBBCF2 /* Release */ = {
			isa = XCBuildConfiguration;
			buildSettings = {
				ALWAYS_SEARCH_USER_PATHS = NO;
				CLANG_ANALYZER_NONNULL = YES;
				CLANG_ANALYZER_NUMBER_OBJECT_CONVERSION = YES_AGGRESSIVE;
				CLANG_CXX_LANGUAGE_STANDARD = "gnu++0x";
				CLANG_CXX_LIBRARY = "libc++";
				CLANG_ENABLE_MODULES = YES;
				CLANG_ENABLE_OBJC_ARC = YES;
				CLANG_WARN_BOOL_CONVERSION = YES;
				CLANG_WARN_CONSTANT_CONVERSION = YES;
				CLANG_WARN_DIRECT_OBJC_ISA_USAGE = YES_ERROR;
				CLANG_WARN_DOCUMENTATION_COMMENTS = YES;
				CLANG_WARN_EMPTY_BODY = YES;
				CLANG_WARN_ENUM_CONVERSION = YES;
				CLANG_WARN_INFINITE_RECURSION = YES;
				CLANG_WARN_INT_CONVERSION = YES;
				CLANG_WARN_OBJC_ROOT_CLASS = YES_ERROR;
				CLANG_WARN_SUSPICIOUS_MOVE = YES;
				CLANG_WARN_UNREACHABLE_CODE = YES;
				CLANG_WARN__DUPLICATE_METHOD_MATCH = YES;
				"CODE_SIGN_IDENTITY[sdk=iphoneos*]" = "iPhone Developer";
				COPY_PHASE_STRIP = NO;
				DEBUG_INFORMATION_FORMAT = "dwarf-with-dsym";
				ENABLE_NS_ASSERTIONS = NO;
				ENABLE_STRICT_OBJC_MSGSEND = YES;
				GCC_C_LANGUAGE_STANDARD = gnu99;
				GCC_NO_COMMON_BLOCKS = YES;
				GCC_WARN_64_TO_32_BIT_CONVERSION = YES;
				GCC_WARN_ABOUT_RETURN_TYPE = YES_ERROR;
				GCC_WARN_UNDECLARED_SELECTOR = YES;
				GCC_WARN_UNINITIALIZED_AUTOS = YES_AGGRESSIVE;
				GCC_WARN_UNUSED_FUNCTION = YES;
				GCC_WARN_UNUSED_VARIABLE = YES;
				IPHONEOS_DEPLOYMENT_TARGET = 10.3;
				MTL_ENABLE_DEBUG_INFO = NO;
				SDKROOT = iphoneos;
				TARGETED_DEVICE_FAMILY = "1,2";
				VALIDATE_PRODUCT = YES;
			};
			name = Release;
		};
		181097BA1EB9C0D600EBBCF2 /* Debug */ = {
			isa = XCBuildConfiguration;
			buildSettings = {
				ASSETCATALOG_COMPILER_APPICON_NAME = AppIcon;
				INFOPLIST_FILE = YHCutter/Info.plist;
				LD_RUNPATH_SEARCH_PATHS = "$(inherited) @executable_path/Frameworks";
				PRODUCT_BUNDLE_IDENTIFIER = YJY.YHCutter;
				PRODUCT_NAME = "$(TARGET_NAME)";
			};
			name = Debug;
		};
		181097BB1EB9C0D600EBBCF2 /* Release */ = {
			isa = XCBuildConfiguration;
			buildSettings = {
				ASSETCATALOG_COMPILER_APPICON_NAME = AppIcon;
				INFOPLIST_FILE = YHCutter/Info.plist;
				LD_RUNPATH_SEARCH_PATHS = "$(inherited) @executable_path/Frameworks";
				PRODUCT_BUNDLE_IDENTIFIER = YJY.YHCutter;
				PRODUCT_NAME = "$(TARGET_NAME)";
			};
			name = Release;
		};
/* End XCBuildConfiguration section */

/* Begin XCConfigurationList section */
		1810979D1EB9C0D600EBBCF2 /* Build configuration list for PBXProject "YHCutter" */ = {
			isa = XCConfigurationList;
			buildConfigurations = (
				181097B71EB9C0D600EBBCF2 /* Debug */,
				181097B81EB9C0D600EBBCF2 /* Release */,
			);
			defaultConfigurationIsVisible = 0;
			defaultConfigurationName = Release;
		};
		181097B91EB9C0D600EBBCF2 /* Build configuration list for PBXNativeTarget "YHCutter" */ = {
			isa = XCConfigurationList;
			buildConfigurations = (
				181097BA1EB9C0D600EBBCF2 /* Debug */,
				181097BB1EB9C0D600EBBCF2 /* Release */,
			);
			defaultConfigurationIsVisible = 0;
			defaultConfigurationName = Release;
		};
/* End XCConfigurationList section */
	};
	rootObject = 1810979A1EB9C0D600EBBCF2 /* Project object */;
}
